
Microsoft Visual Studio Solution File, Format Version 12.00
# Visual Studio Version 16
VisualStudioVersion = 16.0.29609.76
MinimumVisualStudioVersion = 10.0.40219.1
Project("{FAE04EC0-301F-11D3-BF4B-00C04F79EFBC}") = "LemonadeStand", "LemonadeStand\LemonadeStand.csproj", "{9B8B7BB6-4753-4960-88D4-68A0A4861DE4}"
EndProject
Global
	GlobalSection(SolutionConfigurationPlatforms) = preSolution
		Debug|Any CPU = Debug|Any CPU
		Release|Any CPU = Release|Any CPU
	EndGlobalSection
	GlobalSection(ProjectConfigurationPlatforms) = postSolution
		{9B8B7BB6-4753-4960-88D4-68A0A4861DE4}.Debug|Any CPU.ActiveCfg = Debug|Any CPU
		{9B8B7BB6-4753-4960-88D4-68A0A4861DE4}.Debug|Any CPU.Build.0 = Debug|Any CPU
		{9B8B7BB6-4753-4960-88D4-68A0A4861DE4}.Release|Any CPU.ActiveCfg = Release|Any CPU
		{9B8B7BB6-4753-4960-88D4-68A0A4861DE4}.Release|Any CPU.Build.0 = Release|Any CPU
	EndGlobalSection
	GlobalSection(SolutionProperties) = preSolution
		HideSolutionNode = FALSE
	EndGlobalSection
	GlobalSection(ExtensibilityGlobals) = postSolution
		SolutionGuid = {FDE92AF1-F32F-42FA-92D9-0318F1AF09BA}
	EndGlobalSection
EndGlobal
